{
  "name": "@kenta872/fastapi-sample-clone",
  "version": "1.0.0",
  "lockfileVersion": 3,
  "requires": true,
  "packages": {
    "": {
      "name": "@kenta872/fastapi-sample-clone",
      "version": "1.0.0",
      "license": "ISC",
      "dependencies": {
        "@kenta872/fastapi-sample-clone": "file:"
      }
    },
    "node_modules/@kenta872/fastapi-sample-clone": {
      "resolved": "",
      "link": true
    }
  }
}
